
Microsoft Visual Studio Solution File, Format Version 12.00
# Visual Studio Version 16
VisualStudioVersion = 16.0.31112.23
MinimumVisualStudioVersion = 10.0.40219.1
Project("{2150E333-8FDC-42A3-9474-1A3956D46DE8}") = "Chapter02", "Chapter02", "{5FF1C050-2E1B-4D01-9407-F9FA85FA5244}"
EndProject
Project("{FAE04EC0-301F-11D3-BF4B-00C04F79EFBC}") = "DistanceConverter", "DistanceConverter\DistanceConverter.csproj", "{BE45D309-F8E9-4C8E-A276-96E444BCAFCA}"
EndProject
Project("{FAE04EC0-301F-11D3-BF4B-00C04F79EFBC}") = "SalesCalculator", "SalesCalculator\SalesCalculator.csproj", "{FB51ED6D-4034-4438-9E2C-8053922F36DB}"
EndProject
Project("{FAE04EC0-301F-11D3-BF4B-00C04F79EFBC}") = "Exercise1", "Exercise1\Exercise1.csproj", "{59567710-8EBC-4506-9198-7877C2DE86DF}"
EndProject
Project("{2150E333-8FDC-42A3-9474-1A3956D46DE8}") = "Exercise", "Exercise", "{6AA9A972-FBAB-4A7B-BD30-05814DD25511}"
EndProject
Project("{FAE04EC0-301F-11D3-BF4B-00C04F79EFBC}") = "Exercise2", "Exercise2\Exercise2.csproj", "{3CF7E6D7-269E-4E68-B9E9-7F927EAED847}"
EndProject
Project("{FAE04EC0-301F-11D3-BF4B-00C04F79EFBC}") = "Exercise3", "Exercise3\Exercise3.csproj", "{61821DAD-5149-4BAA-8F2E-12DBEF4A73A0}"
EndProject
Project("{2150E333-8FDC-42A3-9474-1A3956D46DE8}") = "Chapter03", "Chapter03", "{4B27956C-510D-4B0E-8BA1-93B81F2A3181}"
EndProject
Project("{FAE04EC0-301F-11D3-BF4B-00C04F79EFBC}") = "Section01", "Section01\Section01.csproj", "{9329A23E-0B47-48EB-90BF-F8FE4CCA4FC1}"
EndProject
Project("{FAE04EC0-301F-11D3-BF4B-00C04F79EFBC}") = "Section01", "Chapter04\Section01\Section01.csproj", "{DAC7B01A-1FB3-4B6F-8E98-200FF63C43B8}"
EndProject
Project("{2150E333-8FDC-42A3-9474-1A3956D46DE8}") = "Chapter04", "Chapter04", "{745407F1-F229-4D24-BB1A-258E15E74E20}"
	ProjectSection(SolutionItems) = preProject
		\\172.16.42.1\学生共有\#infosys2021\１期目\Person.cs = \\172.16.42.1\学生共有\#infosys2021\１期目\Person.cs
	EndProjectSection
EndProject
Project("{FAE04EC0-301F-11D3-BF4B-00C04F79EFBC}") = "Exercise1", "Chapter04\Exercise\Exercise1\Exercise1.csproj", "{F9D6EBDA-6CC7-4E32-86ED-504322B610A0}"
EndProject
Project("{2150E333-8FDC-42A3-9474-1A3956D46DE8}") = "Exercise", "Exercise", "{3249B042-06A9-426F-ADC5-652E6784FA77}"
EndProject
Project("{FAE04EC0-301F-11D3-BF4B-00C04F79EFBC}") = "Exercise2", "Excercise2\Exercise2.csproj", "{58E1F853-720B-4151-AA32-6E9924ABC9BA}"
EndProject
Project("{FAE04EC0-301F-11D3-BF4B-00C04F79EFBC}") = "Exercise1", "chapter05\Exercise1\Exercise1.csproj", "{37F3252B-BC0E-4519-BF14-51F74783E840}"
EndProject
Project("{2150E333-8FDC-42A3-9474-1A3956D46DE8}") = "Chapter05", "Chapter05", "{9135181F-293B-43CA-B10F-E8DBD6C06BFB}"
EndProject
Global
	GlobalSection(SolutionConfigurationPlatforms) = preSolution
		Debug|Any CPU = Debug|Any CPU
		Release|Any CPU = Release|Any CPU
	EndGlobalSection
	GlobalSection(ProjectConfigurationPlatforms) = postSolution
		{BE45D309-F8E9-4C8E-A276-96E444BCAFCA}.Debug|Any CPU.ActiveCfg = Debug|Any CPU
		{BE45D309-F8E9-4C8E-A276-96E444BCAFCA}.Debug|Any CPU.Build.0 = Debug|Any CPU
		{BE45D309-F8E9-4C8E-A276-96E444BCAFCA}.Release|Any CPU.ActiveCfg = Release|Any CPU
		{BE45D309-F8E9-4C8E-A276-96E444BCAFCA}.Release|Any CPU.Build.0 = Release|Any CPU
		{FB51ED6D-4034-4438-9E2C-8053922F36DB}.Debug|Any CPU.ActiveCfg = Debug|Any CPU
		{FB51ED6D-4034-4438-9E2C-8053922F36DB}.Debug|Any CPU.Build.0 = Debug|Any CPU
		{FB51ED6D-4034-4438-9E2C-8053922F36DB}.Release|Any CPU.ActiveCfg = Release|Any CPU
		{FB51ED6D-4034-4438-9E2C-8053922F36DB}.Release|Any CPU.Build.0 = Release|Any CPU
		{59567710-8EBC-4506-9198-7877C2DE86DF}.Debug|Any CPU.ActiveCfg = Debug|Any CPU
		{59567710-8EBC-4506-9198-7877C2DE86DF}.Debug|Any CPU.Build.0 = Debug|Any CPU
		{59567710-8EBC-4506-9198-7877C2DE86DF}.Release|Any CPU.ActiveCfg = Release|Any CPU
		{59567710-8EBC-4506-9198-7877C2DE86DF}.Release|Any CPU.Build.0 = Release|Any CPU
		{3CF7E6D7-269E-4E68-B9E9-7F927EAED847}.Debug|Any CPU.ActiveCfg = Debug|Any CPU
		{3CF7E6D7-269E-4E68-B9E9-7F927EAED847}.Debug|Any CPU.Build.0 = Debug|Any CPU
		{3CF7E6D7-269E-4E68-B9E9-7F927EAED847}.Release|Any CPU.ActiveCfg = Release|Any CPU
		{3CF7E6D7-269E-4E68-B9E9-7F927EAED847}.Release|Any CPU.Build.0 = Release|Any CPU
		{61821DAD-5149-4BAA-8F2E-12DBEF4A73A0}.Debug|Any CPU.ActiveCfg = Debug|Any CPU
		{61821DAD-5149-4BAA-8F2E-12DBEF4A73A0}.Debug|Any CPU.Build.0 = Debug|Any CPU
		{61821DAD-5149-4BAA-8F2E-12DBEF4A73A0}.Release|Any CPU.ActiveCfg = Release|Any CPU
		{61821DAD-5149-4BAA-8F2E-12DBEF4A73A0}.Release|Any CPU.Build.0 = Release|Any CPU
		{9329A23E-0B47-48EB-90BF-F8FE4CCA4FC1}.Debug|Any CPU.ActiveCfg = Debug|Any CPU
		{9329A23E-0B47-48EB-90BF-F8FE4CCA4FC1}.Debug|Any CPU.Build.0 = Debug|Any CPU
		{9329A23E-0B47-48EB-90BF-F8FE4CCA4FC1}.Release|Any CPU.ActiveCfg = Release|Any CPU
		{9329A23E-0B47-48EB-90BF-F8FE4CCA4FC1}.Release|Any CPU.Build.0 = Release|Any CPU
		{DAC7B01A-1FB3-4B6F-8E98-200FF63C43B8}.Debug|Any CPU.ActiveCfg = Debug|Any CPU
		{DAC7B01A-1FB3-4B6F-8E98-200FF63C43B8}.Debug|Any CPU.Build.0 = Debug|Any CPU
		{DAC7B01A-1FB3-4B6F-8E98-200FF63C43B8}.Release|Any CPU.ActiveCfg = Release|Any CPU
		{DAC7B01A-1FB3-4B6F-8E98-200FF63C43B8}.Release|Any CPU.Build.0 = Release|Any CPU
		{F9D6EBDA-6CC7-4E32-86ED-504322B610A0}.Debug|Any CPU.ActiveCfg = Debug|Any CPU
		{F9D6EBDA-6CC7-4E32-86ED-504322B610A0}.Debug|Any CPU.Build.0 = Debug|Any CPU
		{F9D6EBDA-6CC7-4E32-86ED-504322B610A0}.Release|Any CPU.ActiveCfg = Release|Any CPU
		{F9D6EBDA-6CC7-4E32-86ED-504322B610A0}.Release|Any CPU.Build.0 = Release|Any CPU
		{58E1F853-720B-4151-AA32-6E9924ABC9BA}.Debug|Any CPU.ActiveCfg = Debug|Any CPU
		{58E1F853-720B-4151-AA32-6E9924ABC9BA}.Debug|Any CPU.Build.0 = Debug|Any CPU
		{58E1F853-720B-4151-AA32-6E9924ABC9BA}.Release|Any CPU.ActiveCfg = Release|Any CPU
		{58E1F853-720B-4151-AA32-6E9924ABC9BA}.Release|Any CPU.Build.0 = Release|Any CPU
		{37F3252B-BC0E-4519-BF14-51F74783E840}.Debug|Any CPU.ActiveCfg = Debug|Any CPU
		{37F3252B-BC0E-4519-BF14-51F74783E840}.Debug|Any CPU.Build.0 = Debug|Any CPU
		{37F3252B-BC0E-4519-BF14-51F74783E840}.Release|Any CPU.ActiveCfg = Release|Any CPU
		{37F3252B-BC0E-4519-BF14-51F74783E840}.Release|Any CPU.Build.0 = Release|Any CPU
	EndGlobalSection
	GlobalSection(SolutionProperties) = preSolution
		HideSolutionNode = FALSE
	EndGlobalSection
	GlobalSection(NestedProjects) = preSolution
		{BE45D309-F8E9-4C8E-A276-96E444BCAFCA} = {5FF1C050-2E1B-4D01-9407-F9FA85FA5244}
		{FB51ED6D-4034-4438-9E2C-8053922F36DB} = {5FF1C050-2E1B-4D01-9407-F9FA85FA5244}
		{59567710-8EBC-4506-9198-7877C2DE86DF} = {6AA9A972-FBAB-4A7B-BD30-05814DD25511}
		{6AA9A972-FBAB-4A7B-BD30-05814DD25511} = {5FF1C050-2E1B-4D01-9407-F9FA85FA5244}
		{3CF7E6D7-269E-4E68-B9E9-7F927EAED847} = {6AA9A972-FBAB-4A7B-BD30-05814DD25511}
		{61821DAD-5149-4BAA-8F2E-12DBEF4A73A0} = {6AA9A972-FBAB-4A7B-BD30-05814DD25511}
		{9329A23E-0B47-48EB-90BF-F8FE4CCA4FC1} = {4B27956C-510D-4B0E-8BA1-93B81F2A3181}
		{DAC7B01A-1FB3-4B6F-8E98-200FF63C43B8} = {745407F1-F229-4D24-BB1A-258E15E74E20}
		{F9D6EBDA-6CC7-4E32-86ED-504322B610A0} = {3249B042-06A9-426F-ADC5-652E6784FA77}
		{3249B042-06A9-426F-ADC5-652E6784FA77} = {745407F1-F229-4D24-BB1A-258E15E74E20}
		{58E1F853-720B-4151-AA32-6E9924ABC9BA} = {3249B042-06A9-426F-ADC5-652E6784FA77}
		{37F3252B-BC0E-4519-BF14-51F74783E840} = {9135181F-293B-43CA-B10F-E8DBD6C06BFB}
	EndGlobalSection
	GlobalSection(ExtensibilityGlobals) = postSolution
		SolutionGuid = {69648D40-F2A1-4B29-B723-C811536E7D6A}
	EndGlobalSection
EndGlobal
