
Microsoft Visual Studio Solution File, Format Version 12.00
# Visual Studio Version 16
VisualStudioVersion = 16.0.31112.23
MinimumVisualStudioVersion = 10.0.40219.1
Project("{2150E333-8FDC-42A3-9474-1A3956D46DE8}") = "Chapter02", "Chapter02", "{5FF1C050-2E1B-4D01-9407-F9FA85FA5244}"
EndProject
Project("{FAE04EC0-301F-11D3-BF4B-00C04F79EFBC}") = "DistanceConverter", "DistanceConverter\DistanceConverter.csproj", "{BE45D309-F8E9-4C8E-A276-96E444BCAFCA}"
EndProject
Project("{FAE04EC0-301F-11D3-BF4B-00C04F79EFBC}") = "SalesCalculator", "SalesCalculator\SalesCalculator.csproj", "{FB51ED6D-4034-4438-9E2C-8053922F36DB}"
EndProject
Project("{FAE04EC0-301F-11D3-BF4B-00C04F79EFBC}") = "Exercise1", "Exercise1\Exercise1.csproj", "{59567710-8EBC-4506-9198-7877C2DE86DF}"
EndProject
Project("{2150E333-8FDC-42A3-9474-1A3956D46DE8}") = "Exercise", "Exercise", "{6AA9A972-FBAB-4A7B-BD30-05814DD25511}"
EndProject
Project("{FAE04EC0-301F-11D3-BF4B-00C04F79EFBC}") = "Exercise2", "Exercise2\Exercise2.csproj", "{3CF7E6D7-269E-4E68-B9E9-7F927EAED847}"
EndProject
Project("{FAE04EC0-301F-11D3-BF4B-00C04F79EFBC}") = "Exercise3", "Exercise3\Exercise3.csproj", "{61821DAD-5149-4BAA-8F2E-12DBEF4A73A0}"
EndProject
Project("{2150E333-8FDC-42A3-9474-1A3956D46DE8}") = "Chapter03", "Chapter03", "{4B27956C-510D-4B0E-8BA1-93B81F2A3181}"
EndProject
Project("{FAE04EC0-301F-11D3-BF4B-00C04F79EFBC}") = "Section01", "Section01\Section01.csproj", "{9329A23E-0B47-48EB-90BF-F8FE4CCA4FC1}"
EndProject
Project("{FAE04EC0-301F-11D3-BF4B-00C04F79EFBC}") = "Section01", "Chapter04\Section01\Section01.csproj", "{DAC7B01A-1FB3-4B6F-8E98-200FF63C43B8}"
EndProject
Project("{2150E333-8FDC-42A3-9474-1A3956D46DE8}") = "Chapter04", "Chapter04", "{745407F1-F229-4D24-BB1A-258E15E74E20}"
	ProjectSection(SolutionItems) = preProject
		\\172.16.42.1\学生共有\#infosys2021\１期目\Person.cs = \\172.16.42.1\学生共有\#infosys2021\１期目\Person.cs
	EndProjectSection
EndProject
Project("{FAE04EC0-301F-11D3-BF4B-00C04F79EFBC}") = "Exercise1", "Chapter04\Exercise\Exercise1\Exercise1.csproj", "{F9D6EBDA-6CC7-4E32-86ED-504322B610A0}"
EndProject
Project("{2150E333-8FDC-42A3-9474-1A3956D46DE8}") = "Exercise", "Exercise", "{3249B042-06A9-426F-ADC5-652E6784FA77}"
EndProject
Project("{FAE04EC0-301F-11D3-BF4B-00C04F79EFBC}") = "Exercise2", "Excercise2\Exercise2.csproj", "{58E1F853-720B-4151-AA32-6E9924ABC9BA}"
EndProject
Project("{FAE04EC0-301F-11D3-BF4B-00C04F79EFBC}") = "Exercise1", "chapter05\Exercise1\Exercise1.csproj", "{37F3252B-BC0E-4519-BF14-51F74783E840}"
EndProject
Project("{2150E333-8FDC-42A3-9474-1A3956D46DE8}") = "Chapter05", "Chapter05", "{9135181F-293B-43CA-B10F-E8DBD6C06BFB}"
EndProject
Project("{FAE04EC0-301F-11D3-BF4B-00C04F79EFBC}") = "Test01", "TestProject\Test01\Test01.csproj", "{2BFACDC3-F44D-4199-8498-F5C3C4AC0335}"
EndProject
Project("{FAE04EC0-301F-11D3-BF4B-00C04F79EFBC}") = "Test02", "TestProject\Test02\Test02.csproj", "{E461C0A8-8900-485C-B520-E929BA33F712}"
EndProject
Project("{2150E333-8FDC-42A3-9474-1A3956D46DE8}") = "TestProject", "TestProject", "{245FAB4A-8C20-4285-BBF9-33689D92BFA2}"
EndProject
Project("{FAE04EC0-301F-11D3-BF4B-00C04F79EFBC}") = "Exercise2", "chapter05\Exercise2\Exercise2.csproj", "{62419851-8374-4FA3-B8C8-F0136DFE9C0C}"
EndProject
Project("{FAE04EC0-301F-11D3-BF4B-00C04F79EFBC}") = "Exercise3", "chapter05\Exercise3\Exercise3.csproj", "{7F115F89-74AB-4C77-9C9A-78D502C4D07F}"
EndProject
Project("{FAE04EC0-301F-11D3-BF4B-00C04F79EFBC}") = "Exercise4", "chapter05\Exercise4\Exercise4.csproj", "{2C5D7C23-F8E0-4FA3-8575-5CDF2E34E3B8}"
EndProject
Project("{FAE04EC0-301F-11D3-BF4B-00C04F79EFBC}") = "Section01", "Chapter06\Section01\Section01.csproj", "{5D348506-DE9B-47A0-90A0-A13A84CB9200}"
EndProject
Project("{2150E333-8FDC-42A3-9474-1A3956D46DE8}") = "Chapter06", "Chapter06", "{56FEEB3E-6B1C-4E1D-9835-14DE098F871E}"
EndProject
Project("{FAE04EC0-301F-11D3-BF4B-00C04F79EFBC}") = "Exercise01", "Chapter06\Exercise\Exercise01\Exercise01.csproj", "{7D55781F-52EC-487F-B7E1-C2DCC324C96C}"
EndProject
Project("{2150E333-8FDC-42A3-9474-1A3956D46DE8}") = "Exercise", "Exercise", "{2092F276-CC59-48D3-A678-172BC9AABD4C}"
EndProject
Project("{FAE04EC0-301F-11D3-BF4B-00C04F79EFBC}") = "Exercise2", "Chapter06\Exercise\Exercise2\Exercise2.csproj", "{8956BAB9-B9FB-46C9-A07A-598BF50C8F2F}"
EndProject
Project("{2150E333-8FDC-42A3-9474-1A3956D46DE8}") = "Chapter07", "Chapter07", "{7F871D94-6EAE-4095-AB7F-B7AD488A283D}"
EndProject
Project("{FAE04EC0-301F-11D3-BF4B-00C04F79EFBC}") = "Exercise1", "Chapter07\Exercise1\Exercise1.csproj", "{213C6309-BD11-4CA9-93EE-411311843B0C}"
EndProject
Project("{2150E333-8FDC-42A3-9474-1A3956D46DE8}") = "Exercise", "Exercise", "{BF948B2B-B26A-4619-849D-DEB508245757}"
EndProject
Project("{2150E333-8FDC-42A3-9474-1A3956D46DE8}") = "Section03", "Section03", "{714B494A-8B97-4D6D-9F67-07A37DC73F10}"
EndProject
Project("{FAE04EC0-301F-11D3-BF4B-00C04F79EFBC}") = "Section03", "Chapter07\Section03\Section03.csproj", "{9666A25E-BC82-487A-A2BF-FF02E7DD010C}"
EndProject
Project("{2150E333-8FDC-42A3-9474-1A3956D46DE8}") = "Chapter08", "Chapter08", "{55B31814-6B87-4694-BD0C-B3F436F3C2E2}"
EndProject
Project("{FAE04EC0-301F-11D3-BF4B-00C04F79EFBC}") = "Exercise1", "Chapter08\Exercise1\Exercise1.csproj", "{66C59D90-6423-4CBB-B32B-0187F3923843}"
EndProject
Project("{2150E333-8FDC-42A3-9474-1A3956D46DE8}") = "Exercise", "Exercise", "{A881982F-8B67-4B2B-B4E3-B682FD727F77}"
EndProject
Project("{FAE04EC0-301F-11D3-BF4B-00C04F79EFBC}") = "Exercise1", "Chapter08\Exercise1\Exercise1\Exercise1.csproj", "{496A8612-E626-4007-B249-7AD7B918E8C9}"
EndProject
Project("{FAE04EC0-301F-11D3-BF4B-00C04F79EFBC}") = "StopWacth", "Chapter08\Exercise1\Exercise1\StopWacth\StopWacth.csproj", "{D8679E80-2191-4AB3-A92C-D424B6BDD1B5}"
EndProject
Project("{2150E333-8FDC-42A3-9474-1A3956D46DE8}") = "CarReportSystem", "CarReportSystem", "{4A2E54A0-F029-471B-8C9A-F9D388E91CC3}"
EndProject
Project("{FAE04EC0-301F-11D3-BF4B-00C04F79EFBC}") = "CarReportSystem", "CarReportSystem\CarReportSystem\CarReportSystem.csproj", "{1CA1D6A8-6412-43D2-9202-F1F0609C7861}"
EndProject
Project("{FAE04EC0-301F-11D3-BF4B-00C04F79EFBC}") = "Exercise1", "Chapter09\Exercise1\Exercise1.csproj", "{D34A7C48-FEC6-455A-A2F6-137D8FF2F659}"
EndProject
Project("{2150E333-8FDC-42A3-9474-1A3956D46DE8}") = "Chapter09", "Chapter09", "{48721781-434F-4614-8948-BDA200FFDB8B}"
EndProject
Project("{FAE04EC0-301F-11D3-BF4B-00C04F79EFBC}") = "Exercise2", "Chapter09\Exercise1\Exercise2\Exercise2.csproj", "{D73CACE7-E679-41FA-AC7D-C2C23710E533}"
EndProject
Project("{FAE04EC0-301F-11D3-BF4B-00C04F79EFBC}") = "Exercise3", "Chapter09\Exercise3\Exercise3.csproj", "{158F4107-6D09-4A10-ACAE-442AE77AAF7C}"
EndProject
Project("{FAE04EC0-301F-11D3-BF4B-00C04F79EFBC}") = "Sample0823", "Sample0823\Sample0823.csproj", "{225B2345-4A46-4695-A085-7BF9B7E10E34}"
EndProject
Project("{FAE04EC0-301F-11D3-BF4B-00C04F79EFBC}") = "Section01", "Chapter11\Section01\Section01.csproj", "{8FF2AB50-E8C5-44C0-A7FE-5A26E478C925}"
EndProject
Project("{2150E333-8FDC-42A3-9474-1A3956D46DE8}") = "Chapter11", "Chapter11", "{FBF90E54-5295-446D-82FA-D1E0A2AD1686}"
	ProjectSection(SolutionItems) = preProject
		..\..\..\..\Downloads\novelists.xml = ..\..\..\..\Downloads\novelists.xml
	EndProjectSection
EndProject
Project("{FAE04EC0-301F-11D3-BF4B-00C04F79EFBC}") = "Exercise1", "Chapter11\Exercise1\Exercise1.csproj", "{ABBF0092-C81B-490D-A2D4-4A8E1FFE0922}"
EndProject
Project("{FAE04EC0-301F-11D3-BF4B-00C04F79EFBC}") = "Section02", "Chapter11\Section02\Section02.csproj", "{26EF5A59-8544-4468-AC1F-1DE654E11579}"
EndProject
Project("{FAE04EC0-301F-11D3-BF4B-00C04F79EFBC}") = "Exercise2", "Chapter11\Exercise2\Exercise2.csproj", "{0E058DBB-3606-4554-ABC9-4DA03F8DCE4D}"
EndProject
Project("{2150E333-8FDC-42A3-9474-1A3956D46DE8}") = "Chapter14", "Chapter14", "{95A3554E-0557-459C-A6D5-9C3A136780B0}"
EndProject
Project("{FAE04EC0-301F-11D3-BF4B-00C04F79EFBC}") = "Section04", "Chapter14\Section04\Section04.csproj", "{BFFD699D-D247-480D-9C32-4FBA3258F102}"
EndProject
Global
	GlobalSection(SolutionConfigurationPlatforms) = preSolution
		Debug|Any CPU = Debug|Any CPU
		Release|Any CPU = Release|Any CPU
	EndGlobalSection
	GlobalSection(ProjectConfigurationPlatforms) = postSolution
		{BE45D309-F8E9-4C8E-A276-96E444BCAFCA}.Debug|Any CPU.ActiveCfg = Debug|Any CPU
		{BE45D309-F8E9-4C8E-A276-96E444BCAFCA}.Debug|Any CPU.Build.0 = Debug|Any CPU
		{BE45D309-F8E9-4C8E-A276-96E444BCAFCA}.Release|Any CPU.ActiveCfg = Release|Any CPU
		{BE45D309-F8E9-4C8E-A276-96E444BCAFCA}.Release|Any CPU.Build.0 = Release|Any CPU
		{FB51ED6D-4034-4438-9E2C-8053922F36DB}.Debug|Any CPU.ActiveCfg = Debug|Any CPU
		{FB51ED6D-4034-4438-9E2C-8053922F36DB}.Debug|Any CPU.Build.0 = Debug|Any CPU
		{FB51ED6D-4034-4438-9E2C-8053922F36DB}.Release|Any CPU.ActiveCfg = Release|Any CPU
		{FB51ED6D-4034-4438-9E2C-8053922F36DB}.Release|Any CPU.Build.0 = Release|Any CPU
		{59567710-8EBC-4506-9198-7877C2DE86DF}.Debug|Any CPU.ActiveCfg = Debug|Any CPU
		{59567710-8EBC-4506-9198-7877C2DE86DF}.Debug|Any CPU.Build.0 = Debug|Any CPU
		{59567710-8EBC-4506-9198-7877C2DE86DF}.Release|Any CPU.ActiveCfg = Release|Any CPU
		{59567710-8EBC-4506-9198-7877C2DE86DF}.Release|Any CPU.Build.0 = Release|Any CPU
		{3CF7E6D7-269E-4E68-B9E9-7F927EAED847}.Debug|Any CPU.ActiveCfg = Debug|Any CPU
		{3CF7E6D7-269E-4E68-B9E9-7F927EAED847}.Debug|Any CPU.Build.0 = Debug|Any CPU
		{3CF7E6D7-269E-4E68-B9E9-7F927EAED847}.Release|Any CPU.ActiveCfg = Release|Any CPU
		{3CF7E6D7-269E-4E68-B9E9-7F927EAED847}.Release|Any CPU.Build.0 = Release|Any CPU
		{61821DAD-5149-4BAA-8F2E-12DBEF4A73A0}.Debug|Any CPU.ActiveCfg = Debug|Any CPU
		{61821DAD-5149-4BAA-8F2E-12DBEF4A73A0}.Debug|Any CPU.Build.0 = Debug|Any CPU
		{61821DAD-5149-4BAA-8F2E-12DBEF4A73A0}.Release|Any CPU.ActiveCfg = Release|Any CPU
		{61821DAD-5149-4BAA-8F2E-12DBEF4A73A0}.Release|Any CPU.Build.0 = Release|Any CPU
		{9329A23E-0B47-48EB-90BF-F8FE4CCA4FC1}.Debug|Any CPU.ActiveCfg = Debug|Any CPU
		{9329A23E-0B47-48EB-90BF-F8FE4CCA4FC1}.Debug|Any CPU.Build.0 = Debug|Any CPU
		{9329A23E-0B47-48EB-90BF-F8FE4CCA4FC1}.Release|Any CPU.ActiveCfg = Release|Any CPU
		{9329A23E-0B47-48EB-90BF-F8FE4CCA4FC1}.Release|Any CPU.Build.0 = Release|Any CPU
		{DAC7B01A-1FB3-4B6F-8E98-200FF63C43B8}.Debug|Any CPU.ActiveCfg = Debug|Any CPU
		{DAC7B01A-1FB3-4B6F-8E98-200FF63C43B8}.Debug|Any CPU.Build.0 = Debug|Any CPU
		{DAC7B01A-1FB3-4B6F-8E98-200FF63C43B8}.Release|Any CPU.ActiveCfg = Release|Any CPU
		{DAC7B01A-1FB3-4B6F-8E98-200FF63C43B8}.Release|Any CPU.Build.0 = Release|Any CPU
		{F9D6EBDA-6CC7-4E32-86ED-504322B610A0}.Debug|Any CPU.ActiveCfg = Debug|Any CPU
		{F9D6EBDA-6CC7-4E32-86ED-504322B610A0}.Debug|Any CPU.Build.0 = Debug|Any CPU
		{F9D6EBDA-6CC7-4E32-86ED-504322B610A0}.Release|Any CPU.ActiveCfg = Release|Any CPU
		{F9D6EBDA-6CC7-4E32-86ED-504322B610A0}.Release|Any CPU.Build.0 = Release|Any CPU
		{58E1F853-720B-4151-AA32-6E9924ABC9BA}.Debug|Any CPU.ActiveCfg = Debug|Any CPU
		{58E1F853-720B-4151-AA32-6E9924ABC9BA}.Debug|Any CPU.Build.0 = Debug|Any CPU
		{58E1F853-720B-4151-AA32-6E9924ABC9BA}.Release|Any CPU.ActiveCfg = Release|Any CPU
		{58E1F853-720B-4151-AA32-6E9924ABC9BA}.Release|Any CPU.Build.0 = Release|Any CPU
		{37F3252B-BC0E-4519-BF14-51F74783E840}.Debug|Any CPU.ActiveCfg = Debug|Any CPU
		{37F3252B-BC0E-4519-BF14-51F74783E840}.Debug|Any CPU.Build.0 = Debug|Any CPU
		{37F3252B-BC0E-4519-BF14-51F74783E840}.Release|Any CPU.ActiveCfg = Release|Any CPU
		{37F3252B-BC0E-4519-BF14-51F74783E840}.Release|Any CPU.Build.0 = Release|Any CPU
		{2BFACDC3-F44D-4199-8498-F5C3C4AC0335}.Debug|Any CPU.ActiveCfg = Debug|Any CPU
		{2BFACDC3-F44D-4199-8498-F5C3C4AC0335}.Debug|Any CPU.Build.0 = Debug|Any CPU
		{2BFACDC3-F44D-4199-8498-F5C3C4AC0335}.Release|Any CPU.ActiveCfg = Release|Any CPU
		{2BFACDC3-F44D-4199-8498-F5C3C4AC0335}.Release|Any CPU.Build.0 = Release|Any CPU
		{E461C0A8-8900-485C-B520-E929BA33F712}.Debug|Any CPU.ActiveCfg = Debug|Any CPU
		{E461C0A8-8900-485C-B520-E929BA33F712}.Debug|Any CPU.Build.0 = Debug|Any CPU
		{E461C0A8-8900-485C-B520-E929BA33F712}.Release|Any CPU.ActiveCfg = Release|Any CPU
		{E461C0A8-8900-485C-B520-E929BA33F712}.Release|Any CPU.Build.0 = Release|Any CPU
		{62419851-8374-4FA3-B8C8-F0136DFE9C0C}.Debug|Any CPU.ActiveCfg = Debug|Any CPU
		{62419851-8374-4FA3-B8C8-F0136DFE9C0C}.Debug|Any CPU.Build.0 = Debug|Any CPU
		{62419851-8374-4FA3-B8C8-F0136DFE9C0C}.Release|Any CPU.ActiveCfg = Release|Any CPU
		{62419851-8374-4FA3-B8C8-F0136DFE9C0C}.Release|Any CPU.Build.0 = Release|Any CPU
		{7F115F89-74AB-4C77-9C9A-78D502C4D07F}.Debug|Any CPU.ActiveCfg = Debug|Any CPU
		{7F115F89-74AB-4C77-9C9A-78D502C4D07F}.Debug|Any CPU.Build.0 = Debug|Any CPU
		{7F115F89-74AB-4C77-9C9A-78D502C4D07F}.Release|Any CPU.ActiveCfg = Release|Any CPU
		{7F115F89-74AB-4C77-9C9A-78D502C4D07F}.Release|Any CPU.Build.0 = Release|Any CPU
		{2C5D7C23-F8E0-4FA3-8575-5CDF2E34E3B8}.Debug|Any CPU.ActiveCfg = Debug|Any CPU
		{2C5D7C23-F8E0-4FA3-8575-5CDF2E34E3B8}.Debug|Any CPU.Build.0 = Debug|Any CPU
		{2C5D7C23-F8E0-4FA3-8575-5CDF2E34E3B8}.Release|Any CPU.ActiveCfg = Release|Any CPU
		{2C5D7C23-F8E0-4FA3-8575-5CDF2E34E3B8}.Release|Any CPU.Build.0 = Release|Any CPU
		{5D348506-DE9B-47A0-90A0-A13A84CB9200}.Debug|Any CPU.ActiveCfg = Debug|Any CPU
		{5D348506-DE9B-47A0-90A0-A13A84CB9200}.Debug|Any CPU.Build.0 = Debug|Any CPU
		{5D348506-DE9B-47A0-90A0-A13A84CB9200}.Release|Any CPU.ActiveCfg = Release|Any CPU
		{5D348506-DE9B-47A0-90A0-A13A84CB9200}.Release|Any CPU.Build.0 = Release|Any CPU
		{7D55781F-52EC-487F-B7E1-C2DCC324C96C}.Debug|Any CPU.ActiveCfg = Debug|Any CPU
		{7D55781F-52EC-487F-B7E1-C2DCC324C96C}.Debug|Any CPU.Build.0 = Debug|Any CPU
		{7D55781F-52EC-487F-B7E1-C2DCC324C96C}.Release|Any CPU.ActiveCfg = Release|Any CPU
		{7D55781F-52EC-487F-B7E1-C2DCC324C96C}.Release|Any CPU.Build.0 = Release|Any CPU
		{8956BAB9-B9FB-46C9-A07A-598BF50C8F2F}.Debug|Any CPU.ActiveCfg = Debug|Any CPU
		{8956BAB9-B9FB-46C9-A07A-598BF50C8F2F}.Debug|Any CPU.Build.0 = Debug|Any CPU
		{8956BAB9-B9FB-46C9-A07A-598BF50C8F2F}.Release|Any CPU.ActiveCfg = Release|Any CPU
		{8956BAB9-B9FB-46C9-A07A-598BF50C8F2F}.Release|Any CPU.Build.0 = Release|Any CPU
		{213C6309-BD11-4CA9-93EE-411311843B0C}.Debug|Any CPU.ActiveCfg = Debug|Any CPU
		{213C6309-BD11-4CA9-93EE-411311843B0C}.Debug|Any CPU.Build.0 = Debug|Any CPU
		{213C6309-BD11-4CA9-93EE-411311843B0C}.Release|Any CPU.ActiveCfg = Release|Any CPU
		{213C6309-BD11-4CA9-93EE-411311843B0C}.Release|Any CPU.Build.0 = Release|Any CPU
		{9666A25E-BC82-487A-A2BF-FF02E7DD010C}.Debug|Any CPU.ActiveCfg = Debug|Any CPU
		{9666A25E-BC82-487A-A2BF-FF02E7DD010C}.Debug|Any CPU.Build.0 = Debug|Any CPU
		{9666A25E-BC82-487A-A2BF-FF02E7DD010C}.Release|Any CPU.ActiveCfg = Release|Any CPU
		{9666A25E-BC82-487A-A2BF-FF02E7DD010C}.Release|Any CPU.Build.0 = Release|Any CPU
		{66C59D90-6423-4CBB-B32B-0187F3923843}.Debug|Any CPU.ActiveCfg = Debug|Any CPU
		{66C59D90-6423-4CBB-B32B-0187F3923843}.Debug|Any CPU.Build.0 = Debug|Any CPU
		{66C59D90-6423-4CBB-B32B-0187F3923843}.Release|Any CPU.ActiveCfg = Release|Any CPU
		{66C59D90-6423-4CBB-B32B-0187F3923843}.Release|Any CPU.Build.0 = Release|Any CPU
		{496A8612-E626-4007-B249-7AD7B918E8C9}.Debug|Any CPU.ActiveCfg = Debug|Any CPU
		{496A8612-E626-4007-B249-7AD7B918E8C9}.Debug|Any CPU.Build.0 = Debug|Any CPU
		{496A8612-E626-4007-B249-7AD7B918E8C9}.Release|Any CPU.ActiveCfg = Release|Any CPU
		{496A8612-E626-4007-B249-7AD7B918E8C9}.Release|Any CPU.Build.0 = Release|Any CPU
		{D8679E80-2191-4AB3-A92C-D424B6BDD1B5}.Debug|Any CPU.ActiveCfg = Debug|Any CPU
		{D8679E80-2191-4AB3-A92C-D424B6BDD1B5}.Debug|Any CPU.Build.0 = Debug|Any CPU
		{D8679E80-2191-4AB3-A92C-D424B6BDD1B5}.Release|Any CPU.ActiveCfg = Release|Any CPU
		{D8679E80-2191-4AB3-A92C-D424B6BDD1B5}.Release|Any CPU.Build.0 = Release|Any CPU
		{1CA1D6A8-6412-43D2-9202-F1F0609C7861}.Debug|Any CPU.ActiveCfg = Debug|Any CPU
		{1CA1D6A8-6412-43D2-9202-F1F0609C7861}.Debug|Any CPU.Build.0 = Debug|Any CPU
		{1CA1D6A8-6412-43D2-9202-F1F0609C7861}.Release|Any CPU.ActiveCfg = Release|Any CPU
		{1CA1D6A8-6412-43D2-9202-F1F0609C7861}.Release|Any CPU.Build.0 = Release|Any CPU
		{D34A7C48-FEC6-455A-A2F6-137D8FF2F659}.Debug|Any CPU.ActiveCfg = Debug|Any CPU
		{D34A7C48-FEC6-455A-A2F6-137D8FF2F659}.Debug|Any CPU.Build.0 = Debug|Any CPU
		{D34A7C48-FEC6-455A-A2F6-137D8FF2F659}.Release|Any CPU.ActiveCfg = Release|Any CPU
		{D34A7C48-FEC6-455A-A2F6-137D8FF2F659}.Release|Any CPU.Build.0 = Release|Any CPU
		{D73CACE7-E679-41FA-AC7D-C2C23710E533}.Debug|Any CPU.ActiveCfg = Debug|Any CPU
		{D73CACE7-E679-41FA-AC7D-C2C23710E533}.Debug|Any CPU.Build.0 = Debug|Any CPU
		{D73CACE7-E679-41FA-AC7D-C2C23710E533}.Release|Any CPU.ActiveCfg = Release|Any CPU
		{D73CACE7-E679-41FA-AC7D-C2C23710E533}.Release|Any CPU.Build.0 = Release|Any CPU
		{158F4107-6D09-4A10-ACAE-442AE77AAF7C}.Debug|Any CPU.ActiveCfg = Debug|Any CPU
		{158F4107-6D09-4A10-ACAE-442AE77AAF7C}.Debug|Any CPU.Build.0 = Debug|Any CPU
		{158F4107-6D09-4A10-ACAE-442AE77AAF7C}.Release|Any CPU.ActiveCfg = Release|Any CPU
		{158F4107-6D09-4A10-ACAE-442AE77AAF7C}.Release|Any CPU.Build.0 = Release|Any CPU
		{225B2345-4A46-4695-A085-7BF9B7E10E34}.Debug|Any CPU.ActiveCfg = Debug|Any CPU
		{225B2345-4A46-4695-A085-7BF9B7E10E34}.Debug|Any CPU.Build.0 = Debug|Any CPU
		{225B2345-4A46-4695-A085-7BF9B7E10E34}.Release|Any CPU.ActiveCfg = Release|Any CPU
		{225B2345-4A46-4695-A085-7BF9B7E10E34}.Release|Any CPU.Build.0 = Release|Any CPU
		{8FF2AB50-E8C5-44C0-A7FE-5A26E478C925}.Debug|Any CPU.ActiveCfg = Debug|Any CPU
		{8FF2AB50-E8C5-44C0-A7FE-5A26E478C925}.Debug|Any CPU.Build.0 = Debug|Any CPU
		{8FF2AB50-E8C5-44C0-A7FE-5A26E478C925}.Release|Any CPU.ActiveCfg = Release|Any CPU
		{8FF2AB50-E8C5-44C0-A7FE-5A26E478C925}.Release|Any CPU.Build.0 = Release|Any CPU
		{ABBF0092-C81B-490D-A2D4-4A8E1FFE0922}.Debug|Any CPU.ActiveCfg = Debug|Any CPU
		{ABBF0092-C81B-490D-A2D4-4A8E1FFE0922}.Debug|Any CPU.Build.0 = Debug|Any CPU
		{ABBF0092-C81B-490D-A2D4-4A8E1FFE0922}.Release|Any CPU.ActiveCfg = Release|Any CPU
		{ABBF0092-C81B-490D-A2D4-4A8E1FFE0922}.Release|Any CPU.Build.0 = Release|Any CPU
		{26EF5A59-8544-4468-AC1F-1DE654E11579}.Debug|Any CPU.ActiveCfg = Debug|Any CPU
		{26EF5A59-8544-4468-AC1F-1DE654E11579}.Debug|Any CPU.Build.0 = Debug|Any CPU
		{26EF5A59-8544-4468-AC1F-1DE654E11579}.Release|Any CPU.ActiveCfg = Release|Any CPU
		{26EF5A59-8544-4468-AC1F-1DE654E11579}.Release|Any CPU.Build.0 = Release|Any CPU
		{0E058DBB-3606-4554-ABC9-4DA03F8DCE4D}.Debug|Any CPU.ActiveCfg = Debug|Any CPU
		{0E058DBB-3606-4554-ABC9-4DA03F8DCE4D}.Debug|Any CPU.Build.0 = Debug|Any CPU
		{0E058DBB-3606-4554-ABC9-4DA03F8DCE4D}.Release|Any CPU.ActiveCfg = Release|Any CPU
		{0E058DBB-3606-4554-ABC9-4DA03F8DCE4D}.Release|Any CPU.Build.0 = Release|Any CPU
		{BFFD699D-D247-480D-9C32-4FBA3258F102}.Debug|Any CPU.ActiveCfg = Debug|Any CPU
		{BFFD699D-D247-480D-9C32-4FBA3258F102}.Debug|Any CPU.Build.0 = Debug|Any CPU
		{BFFD699D-D247-480D-9C32-4FBA3258F102}.Release|Any CPU.ActiveCfg = Release|Any CPU
		{BFFD699D-D247-480D-9C32-4FBA3258F102}.Release|Any CPU.Build.0 = Release|Any CPU
	EndGlobalSection
	GlobalSection(SolutionProperties) = preSolution
		HideSolutionNode = FALSE
	EndGlobalSection
	GlobalSection(NestedProjects) = preSolution
		{BE45D309-F8E9-4C8E-A276-96E444BCAFCA} = {5FF1C050-2E1B-4D01-9407-F9FA85FA5244}
		{FB51ED6D-4034-4438-9E2C-8053922F36DB} = {5FF1C050-2E1B-4D01-9407-F9FA85FA5244}
		{59567710-8EBC-4506-9198-7877C2DE86DF} = {6AA9A972-FBAB-4A7B-BD30-05814DD25511}
		{6AA9A972-FBAB-4A7B-BD30-05814DD25511} = {5FF1C050-2E1B-4D01-9407-F9FA85FA5244}
		{3CF7E6D7-269E-4E68-B9E9-7F927EAED847} = {6AA9A972-FBAB-4A7B-BD30-05814DD25511}
		{61821DAD-5149-4BAA-8F2E-12DBEF4A73A0} = {6AA9A972-FBAB-4A7B-BD30-05814DD25511}
		{9329A23E-0B47-48EB-90BF-F8FE4CCA4FC1} = {4B27956C-510D-4B0E-8BA1-93B81F2A3181}
		{DAC7B01A-1FB3-4B6F-8E98-200FF63C43B8} = {745407F1-F229-4D24-BB1A-258E15E74E20}
		{F9D6EBDA-6CC7-4E32-86ED-504322B610A0} = {3249B042-06A9-426F-ADC5-652E6784FA77}
		{3249B042-06A9-426F-ADC5-652E6784FA77} = {745407F1-F229-4D24-BB1A-258E15E74E20}
		{58E1F853-720B-4151-AA32-6E9924ABC9BA} = {3249B042-06A9-426F-ADC5-652E6784FA77}
		{37F3252B-BC0E-4519-BF14-51F74783E840} = {9135181F-293B-43CA-B10F-E8DBD6C06BFB}
		{2BFACDC3-F44D-4199-8498-F5C3C4AC0335} = {245FAB4A-8C20-4285-BBF9-33689D92BFA2}
		{E461C0A8-8900-485C-B520-E929BA33F712} = {245FAB4A-8C20-4285-BBF9-33689D92BFA2}
		{62419851-8374-4FA3-B8C8-F0136DFE9C0C} = {9135181F-293B-43CA-B10F-E8DBD6C06BFB}
		{7F115F89-74AB-4C77-9C9A-78D502C4D07F} = {9135181F-293B-43CA-B10F-E8DBD6C06BFB}
		{2C5D7C23-F8E0-4FA3-8575-5CDF2E34E3B8} = {9135181F-293B-43CA-B10F-E8DBD6C06BFB}
		{5D348506-DE9B-47A0-90A0-A13A84CB9200} = {56FEEB3E-6B1C-4E1D-9835-14DE098F871E}
		{7D55781F-52EC-487F-B7E1-C2DCC324C96C} = {2092F276-CC59-48D3-A678-172BC9AABD4C}
		{2092F276-CC59-48D3-A678-172BC9AABD4C} = {56FEEB3E-6B1C-4E1D-9835-14DE098F871E}
		{8956BAB9-B9FB-46C9-A07A-598BF50C8F2F} = {2092F276-CC59-48D3-A678-172BC9AABD4C}
		{213C6309-BD11-4CA9-93EE-411311843B0C} = {BF948B2B-B26A-4619-849D-DEB508245757}
		{BF948B2B-B26A-4619-849D-DEB508245757} = {7F871D94-6EAE-4095-AB7F-B7AD488A283D}
		{714B494A-8B97-4D6D-9F67-07A37DC73F10} = {7F871D94-6EAE-4095-AB7F-B7AD488A283D}
		{9666A25E-BC82-487A-A2BF-FF02E7DD010C} = {714B494A-8B97-4D6D-9F67-07A37DC73F10}
		{66C59D90-6423-4CBB-B32B-0187F3923843} = {55B31814-6B87-4694-BD0C-B3F436F3C2E2}
		{A881982F-8B67-4B2B-B4E3-B682FD727F77} = {55B31814-6B87-4694-BD0C-B3F436F3C2E2}
		{496A8612-E626-4007-B249-7AD7B918E8C9} = {A881982F-8B67-4B2B-B4E3-B682FD727F77}
		{D8679E80-2191-4AB3-A92C-D424B6BDD1B5} = {A881982F-8B67-4B2B-B4E3-B682FD727F77}
		{1CA1D6A8-6412-43D2-9202-F1F0609C7861} = {4A2E54A0-F029-471B-8C9A-F9D388E91CC3}
		{D34A7C48-FEC6-455A-A2F6-137D8FF2F659} = {48721781-434F-4614-8948-BDA200FFDB8B}
		{D73CACE7-E679-41FA-AC7D-C2C23710E533} = {48721781-434F-4614-8948-BDA200FFDB8B}
		{158F4107-6D09-4A10-ACAE-442AE77AAF7C} = {48721781-434F-4614-8948-BDA200FFDB8B}
		{8FF2AB50-E8C5-44C0-A7FE-5A26E478C925} = {FBF90E54-5295-446D-82FA-D1E0A2AD1686}
		{ABBF0092-C81B-490D-A2D4-4A8E1FFE0922} = {FBF90E54-5295-446D-82FA-D1E0A2AD1686}
		{26EF5A59-8544-4468-AC1F-1DE654E11579} = {FBF90E54-5295-446D-82FA-D1E0A2AD1686}
		{0E058DBB-3606-4554-ABC9-4DA03F8DCE4D} = {FBF90E54-5295-446D-82FA-D1E0A2AD1686}
		{BFFD699D-D247-480D-9C32-4FBA3258F102} = {95A3554E-0557-459C-A6D5-9C3A136780B0}
	EndGlobalSection
	GlobalSection(ExtensibilityGlobals) = postSolution
		SolutionGuid = {69648D40-F2A1-4B29-B723-C811536E7D6A}
	EndGlobalSection
EndGlobal
